
Microsoft Visual Studio Solution File, Format Version 12.00
# Visual Studio Version 16
VisualStudioVersion = 16.0.32228.343
MinimumVisualStudioVersion = 10.0.40219.1
Project("{FAE04EC0-301F-11D3-BF4B-00C04F79EFBC}") = "week_2_lab_2_task_1", "week_2_lab_2_task_1\week_2_lab_2_task_1.csproj", "{7B32D72B-8D85-454B-8E38-117DFC30CABC}"
EndProject
Global
	GlobalSection(SolutionConfigurationPlatforms) = preSolution
		Debug|Any CPU = Debug|Any CPU
		Release|Any CPU = Release|Any CPU
	EndGlobalSection
	GlobalSection(ProjectConfigurationPlatforms) = postSolution
		{7B32D72B-8D85-454B-8E38-117DFC30CABC}.Debug|Any CPU.ActiveCfg = Debug|Any CPU
		{7B32D72B-8D85-454B-8E38-117DFC30CABC}.Debug|Any CPU.Build.0 = Debug|Any CPU
		{7B32D72B-8D85-454B-8E38-117DFC30CABC}.Release|Any CPU.ActiveCfg = Release|Any CPU
		{7B32D72B-8D85-454B-8E38-117DFC30CABC}.Release|Any CPU.Build.0 = Release|Any CPU
	EndGlobalSection
	GlobalSection(SolutionProperties) = preSolution
		HideSolutionNode = FALSE
	EndGlobalSection
	GlobalSection(ExtensibilityGlobals) = postSolution
		SolutionGuid = {6CB68685-E735-41E2-85E4-1CF1A86A25B8}
	EndGlobalSection
EndGlobal
